// !$*UTF8*$!
{
	archiveVersion = 1;
	classes = {
	};
	objectVersion = 56;
	objects = {

/* Begin PBXBuildFile section */
		8DE4949A2A136E5800308588 /* GIMPASS1_3App.swift in Sources */ = {isa = PBXBuildFile; fileRef = 8DE494992A136E5800308588 /* GIMPASS1_3App.swift */; };
		8DE4949C2A136E5800308588 /* HomeView.swift in Sources */ = {isa = PBXBuildFile; fileRef = 8DE4949B2A136E5800308588 /* HomeView.swift */; };
		8DE4949E2A136E5A00308588 /* Assets.xcassets in Resources */ = {isa = PBXBuildFile; fileRef = 8DE4949D2A136E5A00308588 /* Assets.xcassets */; };
		8DE494A12A136E5A00308588 /* Preview Assets.xcassets in Resources */ = {isa = PBXBuildFile; fileRef = 8DE494A02A136E5A00308588 /* Preview Assets.xcassets */; };
		8DE494AC2A136FE300308588 /* CardHomeView.swift in Sources */ = {isa = PBXBuildFile; fileRef = 8DE494AB2A136FE300308588 /* CardHomeView.swift */; };
		8DE494AE2A13700600308588 /* ProfileView.swift in Sources */ = {isa = PBXBuildFile; fileRef = 8DE494AD2A13700600308588 /* ProfileView.swift */; };
		8DE494B52A1374FF00308588 /* CardView1.swift in Sources */ = {isa = PBXBuildFile; fileRef = 8DE494B42A1374FF00308588 /* CardView1.swift */; };
		8DE494B72A13751000308588 /* CardView2.swift in Sources */ = {isa = PBXBuildFile; fileRef = 8DE494B62A13751000308588 /* CardView2.swift */; };
		8DE494B92A13751D00308588 /* CardView3.swift in Sources */ = {isa = PBXBuildFile; fileRef = 8DE494B82A13751D00308588 /* CardView3.swift */; };
		8DE494BB2A13752700308588 /* CardView4.swift in Sources */ = {isa = PBXBuildFile; fileRef = 8DE494BA2A13752700308588 /* CardView4.swift */; };
		8DE494BD2A13753500308588 /* CardView5.swift in Sources */ = {isa = PBXBuildFile; fileRef = 8DE494BC2A13753500308588 /* CardView5.swift */; };
		8DE494C02A13787700308588 /* ThreeRingsView.swift in Sources */ = {isa = PBXBuildFile; fileRef = 8DE494BF2A13787700308588 /* ThreeRingsView.swift */; };
		8DE494C22A13788700308588 /* GagneView.swift in Sources */ = {isa = PBXBuildFile; fileRef = 8DE494C12A13788700308588 /* GagneView.swift */; };
		8DE494C52A13789E00308588 /* MIView.swift in Sources */ = {isa = PBXBuildFile; fileRef = 8DE494C42A13789E00308588 /* MIView.swift */; };
		8DE494C92A137E6A00308588 /* ListView.swift in Sources */ = {isa = PBXBuildFile; fileRef = 8DE494C82A137E6A00308588 /* ListView.swift */; };
		8DE494CC2A13805700308588 /* CardView1.2.swift in Sources */ = {isa = PBXBuildFile; fileRef = 8DE494CB2A13805700308588 /* CardView1.2.swift */; };
		8DE494CE2A13806400308588 /* CardView1.3.swift in Sources */ = {isa = PBXBuildFile; fileRef = 8DE494CD2A13806400308588 /* CardView1.3.swift */; };
		8DE494D92A173D1A00308588 /* TaitsDetailView.swift in Sources */ = {isa = PBXBuildFile; fileRef = 8DE494D82A173D1A00308588 /* TaitsDetailView.swift */; };
		8DE494DB2A174E6300308588 /* OEsView.swift in Sources */ = {isa = PBXBuildFile; fileRef = 8DE494DA2A174E6300308588 /* OEsView.swift */; };
		8DE494DF2A176E3F00308588 /* UnderachievementView.swift in Sources */ = {isa = PBXBuildFile; fileRef = 8DE494DE2A176E3F00308588 /* UnderachievementView.swift */; };
		8DE494E12A176E5F00308588 /* TwiceexceptionalView.swift in Sources */ = {isa = PBXBuildFile; fileRef = 8DE494E02A176E5F00308588 /* TwiceexceptionalView.swift */; };
		8DE494E32A176E7600308588 /* PerfectionismView.swift in Sources */ = {isa = PBXBuildFile; fileRef = 8DE494E22A176E7600308588 /* PerfectionismView.swift */; };
		8DE494E52A176E8600308588 /* AsynchronyView.swift in Sources */ = {isa = PBXBuildFile; fileRef = 8DE494E42A176E8600308588 /* AsynchronyView.swift */; };
		8DE494E72A176E9700308588 /* OverexcitabilitiesView.swift in Sources */ = {isa = PBXBuildFile; fileRef = 8DE494E62A176E9700308588 /* OverexcitabilitiesView.swift */; };
		8DE494EB2A176EC400308588 /* SocialIsolationView.swift in Sources */ = {isa = PBXBuildFile; fileRef = 8DE494EA2A176EC400308588 /* SocialIsolationView.swift */; };
		8DE494ED2A178A6500308588 /* CardView1.4View.swift in Sources */ = {isa = PBXBuildFile; fileRef = 8DE494EC2A178A6500308588 /* CardView1.4View.swift */; };
/* End PBXBuildFile section */

/* Begin PBXFileReference section */
		8DE494962A136E5800308588 /* GIMPASS1.3.app */ = {isa = PBXFileReference; explicitFileType = wrapper.application; includeInIndex = 0; path = GIMPASS1.3.app; sourceTree = BUILT_PRODUCTS_DIR; };
		8DE494992A136E5800308588 /* GIMPASS1_3App.swift */ = {isa = PBXFileReference; lastKnownFileType = sourcecode.swift; path = GIMPASS1_3App.swift; sourceTree = "<group>"; };
		8DE4949B2A136E5800308588 /* HomeView.swift */ = {isa = PBXFileReference; lastKnownFileType = sourcecode.swift; path = HomeView.swift; sourceTree = "<group>"; };
		8DE4949D2A136E5A00308588 /* Assets.xcassets */ = {isa = PBXFileReference; lastKnownFileType = folder.assetcatalog; path = Assets.xcassets; sourceTree = "<group>"; };
		8DE494A02A136E5A00308588 /* Preview Assets.xcassets */ = {isa = PBXFileReference; lastKnownFileType = folder.assetcatalog; path = "Preview Assets.xcassets"; sourceTree = "<group>"; };
		8DE494AB2A136FE300308588 /* CardHomeView.swift */ = {isa = PBXFileReference; lastKnownFileType = sourcecode.swift; path = CardHomeView.swift; sourceTree = "<group>"; };
		8DE494AD2A13700600308588 /* ProfileView.swift */ = {isa = PBXFileReference; lastKnownFileType = sourcecode.swift; path = ProfileView.swift; sourceTree = "<group>"; };
		8DE494B42A1374FF00308588 /* CardView1.swift */ = {isa = PBXFileReference; lastKnownFileType = sourcecode.swift; path = CardView1.swift; sourceTree = "<group>"; };
		8DE494B62A13751000308588 /* CardView2.swift */ = {isa = PBXFileReference; lastKnownFileType = sourcecode.swift; path = CardView2.swift; sourceTree = "<group>"; };
		8DE494B82A13751D00308588 /* CardView3.swift */ = {isa = PBXFileReference; lastKnownFileType = sourcecode.swift; path = CardView3.swift; sourceTree = "<group>"; };
		8DE494BA2A13752700308588 /* CardView4.swift */ = {isa = PBXFileReference; lastKnownFileType = sourcecode.swift; path = CardView4.swift; sourceTree = "<group>"; };
		8DE494BC2A13753500308588 /* CardView5.swift */ = {isa = PBXFileReference; lastKnownFileType = sourcecode.swift; path = CardView5.swift; sourceTree = "<group>"; };
		8DE494BF2A13787700308588 /* ThreeRingsView.swift */ = {isa = PBXFileReference; lastKnownFileType = sourcecode.swift; path = ThreeRingsView.swift; sourceTree = "<group>"; };
		8DE494C12A13788700308588 /* GagneView.swift */ = {isa = PBXFileReference; lastKnownFileType = sourcecode.swift; path = GagneView.swift; sourceTree = "<group>"; };
		8DE494C42A13789E00308588 /* MIView.swift */ = {isa = PBXFileReference; lastKnownFileType = sourcecode.swift; path = MIView.swift; sourceTree = "<group>"; };
		8DE494C82A137E6A00308588 /* ListView.swift */ = {isa = PBXFileReference; lastKnownFileType = sourcecode.swift; path = ListView.swift; sourceTree = "<group>"; };
		8DE494CB2A13805700308588 /* CardView1.2.swift */ = {isa = PBXFileReference; lastKnownFileType = sourcecode.swift; path = CardView1.2.swift; sourceTree = "<group>"; };
		8DE494CD2A13806400308588 /* CardView1.3.swift */ = {isa = PBXFileReference; lastKnownFileType = sourcecode.swift; path = CardView1.3.swift; sourceTree = "<group>"; };
		8DE494D82A173D1A00308588 /* TaitsDetailView.swift */ = {isa = PBXFileReference; lastKnownFileType = sourcecode.swift; path = TaitsDetailView.swift; sourceTree = "<group>"; };
		8DE494DA2A174E6300308588 /* OEsView.swift */ = {isa = PBXFileReference; lastKnownFileType = sourcecode.swift; path = OEsView.swift; sourceTree = "<group>"; };
		8DE494DE2A176E3F00308588 /* UnderachievementView.swift */ = {isa = PBXFileReference; lastKnownFileType = sourcecode.swift; path = UnderachievementView.swift; sourceTree = "<group>"; };
		8DE494E02A176E5F00308588 /* TwiceexceptionalView.swift */ = {isa = PBXFileReference; lastKnownFileType = sourcecode.swift; path = TwiceexceptionalView.swift; sourceTree = "<group>"; };
		8DE494E22A176E7600308588 /* PerfectionismView.swift */ = {isa = PBXFileReference; lastKnownFileType = sourcecode.swift; path = PerfectionismView.swift; sourceTree = "<group>"; };
		8DE494E42A176E8600308588 /* AsynchronyView.swift */ = {isa = PBXFileReference; lastKnownFileType = sourcecode.swift; path = AsynchronyView.swift; sourceTree = "<group>"; };
		8DE494E62A176E9700308588 /* OverexcitabilitiesView.swift */ = {isa = PBXFileReference; lastKnownFileType = sourcecode.swift; path = OverexcitabilitiesView.swift; sourceTree = "<group>"; };
		8DE494EA2A176EC400308588 /* SocialIsolationView.swift */ = {isa = PBXFileReference; lastKnownFileType = sourcecode.swift; path = SocialIsolationView.swift; sourceTree = "<group>"; };
		8DE494EC2A178A6500308588 /* CardView1.4View.swift */ = {isa = PBXFileReference; lastKnownFileType = sourcecode.swift; path = CardView1.4View.swift; sourceTree = "<group>"; };
/* End PBXFileReference section */

/* Begin PBXFrameworksBuildPhase section */
		8DE494932A136E5800308588 /* Frameworks */ = {
			isa = PBXFrameworksBuildPhase;
			buildActionMask = 2147483647;
			files = (
			);
			runOnlyForDeploymentPostprocessing = 0;
		};
/* End PBXFrameworksBuildPhase section */

/* Begin PBXGroup section */
		8DE4948D2A136E5800308588 = {
			isa = PBXGroup;
			children = (
				8DE494982A136E5800308588 /* GIMPASS1.3 */,
				8DE494972A136E5800308588 /* Products */,
			);
			sourceTree = "<group>";
		};
		8DE494972A136E5800308588 /* Products */ = {
			isa = PBXGroup;
			children = (
				8DE494962A136E5800308588 /* GIMPASS1.3.app */,
			);
			name = Products;
			sourceTree = "<group>";
		};
		8DE494982A136E5800308588 /* GIMPASS1.3 */ = {
			isa = PBXGroup;
			children = (
				8DE494992A136E5800308588 /* GIMPASS1_3App.swift */,
				8DE494A72A136EC700308588 /* Views */,
				8DE4949D2A136E5A00308588 /* Assets.xcassets */,
				8DE4949F2A136E5A00308588 /* Preview Content */,
			);
			path = GIMPASS1.3;
			sourceTree = "<group>";
		};
		8DE4949F2A136E5A00308588 /* Preview Content */ = {
			isa = PBXGroup;
			children = (
				8DE494A02A136E5A00308588 /* Preview Assets.xcassets */,
			);
			path = "Preview Content";
			sourceTree = "<group>";
		};
		8DE494A72A136EC700308588 /* Views */ = {
			isa = PBXGroup;
			children = (
				8DE4949B2A136E5800308588 /* HomeView.swift */,
				8DE494A92A136EE700308588 /* CardViews */,
				8DE494AA2A136F0600308588 /* ProfileViews */,
			);
			path = Views;
			sourceTree = "<group>";
		};
		8DE494A92A136EE700308588 /* CardViews */ = {
			isa = PBXGroup;
			children = (
				8DE494AB2A136FE300308588 /* CardHomeView.swift */,
				8DE494AF2A13747400308588 /* CardView1 */,
				8DE494B02A13748400308588 /* CardView2 */,
				8DE494B12A1374A300308588 /* CardView3 */,
				8DE494B22A1374B200308588 /* CardView4 */,
				8DE494B32A1374BE00308588 /* CardView5 */,
			);
			path = CardViews;
			sourceTree = "<group>";
		};
		8DE494AA2A136F0600308588 /* ProfileViews */ = {
			isa = PBXGroup;
			children = (
				8DE494AD2A13700600308588 /* ProfileView.swift */,
			);
			path = ProfileViews;
			sourceTree = "<group>";
		};
		8DE494AF2A13747400308588 /* CardView1 */ = {
			isa = PBXGroup;
			children = (
				8DE494C82A137E6A00308588 /* ListView.swift */,
				8DE494DC2A176CD800308588 /* Chanllenges */,
				8DE494CD2A13806400308588 /* CardView1.3.swift */,
				8DE494D32A15E4F300308588 /* Characteristics */,
				8DE494D22A15E4C400308588 /* Theories */,
			);
			path = CardView1;
			sourceTree = "<group>";
		};
		8DE494B02A13748400308588 /* CardView2 */ = {
			isa = PBXGroup;
			children = (
				8DE494B62A13751000308588 /* CardView2.swift */,
			);
			path = CardView2;
			sourceTree = "<group>";
		};
		8DE494B12A1374A300308588 /* CardView3 */ = {
			isa = PBXGroup;
			children = (
				8DE494B82A13751D00308588 /* CardView3.swift */,
			);
			path = CardView3;
			sourceTree = "<group>";
		};
		8DE494B22A1374B200308588 /* CardView4 */ = {
			isa = PBXGroup;
			children = (
				8DE494BA2A13752700308588 /* CardView4.swift */,
			);
			path = CardView4;
			sourceTree = "<group>";
		};
		8DE494B32A1374BE00308588 /* CardView5 */ = {
			isa = PBXGroup;
			children = (
				8DE494BC2A13753500308588 /* CardView5.swift */,
			);
			path = CardView5;
			sourceTree = "<group>";
		};
		8DE494BE2A13786300308588 /* Details_CardView1 */ = {
			isa = PBXGroup;
			children = (
				8DE494BF2A13787700308588 /* ThreeRingsView.swift */,
				8DE494C12A13788700308588 /* GagneView.swift */,
				8DE494C42A13789E00308588 /* MIView.swift */,
			);
			path = Details_CardView1;
			sourceTree = "<group>";
		};
		8DE494D22A15E4C400308588 /* Theories */ = {
			isa = PBXGroup;
			children = (
				8DE494BE2A13786300308588 /* Details_CardView1 */,
				8DE494B42A1374FF00308588 /* CardView1.swift */,
			);
			path = Theories;
			sourceTree = "<group>";
		};
		8DE494D32A15E4F300308588 /* Characteristics */ = {
			isa = PBXGroup;
			children = (
				8DE494CB2A13805700308588 /* CardView1.2.swift */,
				8DE494D62A16147800308588 /* details */,
			);
			path = Characteristics;
			sourceTree = "<group>";
		};
		8DE494D62A16147800308588 /* details */ = {
			isa = PBXGroup;
			children = (
				8DE494D82A173D1A00308588 /* TaitsDetailView.swift */,
				8DE494DA2A174E6300308588 /* OEsView.swift */,
			);
			path = details;
			sourceTree = "<group>";
		};
		8DE494DC2A176CD800308588 /* Chanllenges */ = {
			isa = PBXGroup;
			children = (
				8DE494EC2A178A6500308588 /* CardView1.4View.swift */,
				8DE494DD2A176CEB00308588 /* ChanllengeDetails */,
			);
			path = Chanllenges;
			sourceTree = "<group>";
		};
		8DE494DD2A176CEB00308588 /* ChanllengeDetails */ = {
			isa = PBXGroup;
			children = (
				8DE494DE2A176E3F00308588 /* UnderachievementView.swift */,
				8DE494E02A176E5F00308588 /* TwiceexceptionalView.swift */,
				8DE494E22A176E7600308588 /* PerfectionismView.swift */,
				8DE494E42A176E8600308588 /* AsynchronyView.swift */,
				8DE494E62A176E9700308588 /* OverexcitabilitiesView.swift */,
				8DE494EA2A176EC400308588 /* SocialIsolationView.swift */,
			);
			path = ChanllengeDetails;
			sourceTree = "<group>";
		};
/* End PBXGroup section */

/* Begin PBXNativeTarget section */
		8DE494952A136E5800308588 /* GIMPASS1.3 */ = {
			isa = PBXNativeTarget;
			buildConfigurationList = 8DE494A42A136E5A00308588 /* Build configuration list for PBXNativeTarget "GIMPASS1.3" */;
			buildPhases = (
				8DE494922A136E5800308588 /* Sources */,
				8DE494932A136E5800308588 /* Frameworks */,
				8DE494942A136E5800308588 /* Resources */,
			);
			buildRules = (
			);
			dependencies = (
			);
			name = GIMPASS1.3;
			productName = GIMPASS1.3;
			productReference = 8DE494962A136E5800308588 /* GIMPASS1.3.app */;
			productType = "com.apple.product-type.application";
		};
/* End PBXNativeTarget section */

/* Begin PBXProject section */
		8DE4948E2A136E5800308588 /* Project object */ = {
			isa = PBXProject;
			attributes = {
				BuildIndependentTargetsInParallel = 1;
				LastSwiftUpdateCheck = 1430;
				LastUpgradeCheck = 1430;
				TargetAttributes = {
					8DE494952A136E5800308588 = {
						CreatedOnToolsVersion = 14.3;
					};
				};
			};
			buildConfigurationList = 8DE494912A136E5800308588 /* Build configuration list for PBXProject "GIMPASS1.3" */;
			compatibilityVersion = "Xcode 14.0";
			developmentRegion = en;
			hasScannedForEncodings = 0;
			knownRegions = (
				en,
				Base,
			);
			mainGroup = 8DE4948D2A136E5800308588;
			productRefGroup = 8DE494972A136E5800308588 /* Products */;
			projectDirPath = "";
			projectRoot = "";
			targets = (
				8DE494952A136E5800308588 /* GIMPASS1.3 */,
			);
		};
/* End PBXProject section */

/* Begin PBXResourcesBuildPhase section */
		8DE494942A136E5800308588 /* Resources */ = {
			isa = PBXResourcesBuildPhase;
			buildActionMask = 2147483647;
			files = (
				8DE494A12A136E5A00308588 /* Preview Assets.xcassets in Resources */,
				8DE4949E2A136E5A00308588 /* Assets.xcassets in Resources */,
			);
			runOnlyForDeploymentPostprocessing = 0;
		};
/* End PBXResourcesBuildPhase section */

/* Begin PBXSourcesBuildPhase section */
		8DE494922A136E5800308588 /* Sources */ = {
			isa = PBXSourcesBuildPhase;
			buildActionMask = 2147483647;
			files = (
				8DE494D92A173D1A00308588 /* TaitsDetailView.swift in Sources */,
				8DE494C52A13789E00308588 /* MIView.swift in Sources */,
				8DE494C92A137E6A00308588 /* ListView.swift in Sources */,
				8DE494AE2A13700600308588 /* ProfileView.swift in Sources */,
				8DE494EB2A176EC400308588 /* SocialIsolationView.swift in Sources */,
				8DE494B72A13751000308588 /* CardView2.swift in Sources */,
				8DE494CE2A13806400308588 /* CardView1.3.swift in Sources */,
				8DE494ED2A178A6500308588 /* CardView1.4View.swift in Sources */,
				8DE4949C2A136E5800308588 /* HomeView.swift in Sources */,
				8DE494E52A176E8600308588 /* AsynchronyView.swift in Sources */,
				8DE494E72A176E9700308588 /* OverexcitabilitiesView.swift in Sources */,
				8DE494E12A176E5F00308588 /* TwiceexceptionalView.swift in Sources */,
				8DE494BD2A13753500308588 /* CardView5.swift in Sources */,
				8DE494BB2A13752700308588 /* CardView4.swift in Sources */,
				8DE494E32A176E7600308588 /* PerfectionismView.swift in Sources */,
				8DE494C02A13787700308588 /* ThreeRingsView.swift in Sources */,
				8DE494CC2A13805700308588 /* CardView1.2.swift in Sources */,
				8DE494AC2A136FE300308588 /* CardHomeView.swift in Sources */,
				8DE4949A2A136E5800308588 /* GIMPASS1_3App.swift in Sources */,
				8DE494B52A1374FF00308588 /* CardView1.swift in Sources */,
				8DE494C22A13788700308588 /* GagneView.swift in Sources */,
				8DE494DB2A174E6300308588 /* OEsView.swift in Sources */,
				8DE494B92A13751D00308588 /* CardView3.swift in Sources */,
				8DE494DF2A176E3F00308588 /* UnderachievementView.swift in Sources */,
			);
			runOnlyForDeploymentPostprocessing = 0;
		};
/* End PBXSourcesBuildPhase section */

/* Begin XCBuildConfiguration section */
		8DE494A22A136E5A00308588 /* Debug */ = {
			isa = XCBuildConfiguration;
			buildSettings = {
				ALWAYS_SEARCH_USER_PATHS = NO;
				CLANG_ANALYZER_NONNULL = YES;
				CLANG_ANALYZER_NUMBER_OBJECT_CONVERSION = YES_AGGRESSIVE;
				CLANG_CXX_LANGUAGE_STANDARD = "gnu++20";
				CLANG_ENABLE_MODULES = YES;
				CLANG_ENABLE_OBJC_ARC = YES;
				CLANG_ENABLE_OBJC_WEAK = YES;
				CLANG_WARN_BLOCK_CAPTURE_AUTORELEASING = YES;
				CLANG_WARN_BOOL_CONVERSION = YES;
				CLANG_WARN_COMMA = YES;
				CLANG_WARN_CONSTANT_CONVERSION = YES;
				CLANG_WARN_DEPRECATED_OBJC_IMPLEMENTATIONS = YES;
				CLANG_WARN_DIRECT_OBJC_ISA_USAGE = YES_ERROR;
				CLANG_WARN_DOCUMENTATION_COMMENTS = YES;
				CLANG_WARN_EMPTY_BODY = YES;
				CLANG_WARN_ENUM_CONVERSION = YES;
				CLANG_WARN_INFINITE_RECURSION = YES;
				CLANG_WARN_INT_CONVERSION = YES;
				CLANG_WARN_NON_LITERAL_NULL_CONVERSION = YES;
				CLANG_WARN_OBJC_IMPLICIT_RETAIN_SELF = YES;
				CLANG_WARN_OBJC_LITERAL_CONVERSION = YES;
				CLANG_WARN_OBJC_ROOT_CLASS = YES_ERROR;
				CLANG_WARN_QUOTED_INCLUDE_IN_FRAMEWORK_HEADER = YES;
				CLANG_WARN_RANGE_LOOP_ANALYSIS = YES;
				CLANG_WARN_STRICT_PROTOTYPES = YES;
				CLANG_WARN_SUSPICIOUS_MOVE = YES;
				CLANG_WARN_UNGUARDED_AVAILABILITY = YES_AGGRESSIVE;
				CLANG_WARN_UNREACHABLE_CODE = YES;
				CLANG_WARN__DUPLICATE_METHOD_MATCH = YES;
				COPY_PHASE_STRIP = NO;
				DEBUG_INFORMATION_FORMAT = dwarf;
				ENABLE_STRICT_OBJC_MSGSEND = YES;
				ENABLE_TESTABILITY = YES;
				GCC_C_LANGUAGE_STANDARD = gnu11;
				GCC_DYNAMIC_NO_PIC = NO;
				GCC_NO_COMMON_BLOCKS = YES;
				GCC_OPTIMIZATION_LEVEL = 0;
				GCC_PREPROCESSOR_DEFINITIONS = (
					"DEBUG=1",
					"$(inherited)",
				);
				GCC_WARN_64_TO_32_BIT_CONVERSION = YES;
				GCC_WARN_ABOUT_RETURN_TYPE = YES_ERROR;
				GCC_WARN_UNDECLARED_SELECTOR = YES;
				GCC_WARN_UNINITIALIZED_AUTOS = YES_AGGRESSIVE;
				GCC_WARN_UNUSED_FUNCTION = YES;
				GCC_WARN_UNUSED_VARIABLE = YES;
				IPHONEOS_DEPLOYMENT_TARGET = 16.4;
				MTL_ENABLE_DEBUG_INFO = INCLUDE_SOURCE;
				MTL_FAST_MATH = YES;
				ONLY_ACTIVE_ARCH = YES;
				SDKROOT = iphoneos;
				SWIFT_ACTIVE_COMPILATION_CONDITIONS = DEBUG;
				SWIFT_OPTIMIZATION_LEVEL = "-Onone";
			};
			name = Debug;
		};
		8DE494A32A136E5A00308588 /* Release */ = {
			isa = XCBuildConfiguration;
			buildSettings = {
				ALWAYS_SEARCH_USER_PATHS = NO;
				CLANG_ANALYZER_NONNULL = YES;
				CLANG_ANALYZER_NUMBER_OBJECT_CONVERSION = YES_AGGRESSIVE;
				CLANG_CXX_LANGUAGE_STANDARD = "gnu++20";
				CLANG_ENABLE_MODULES = YES;
				CLANG_ENABLE_OBJC_ARC = YES;
				CLANG_ENABLE_OBJC_WEAK = YES;
				CLANG_WARN_BLOCK_CAPTURE_AUTORELEASING = YES;
				CLANG_WARN_BOOL_CONVERSION = YES;
				CLANG_WARN_COMMA = YES;
				CLANG_WARN_CONSTANT_CONVERSION = YES;
				CLANG_WARN_DEPRECATED_OBJC_IMPLEMENTATIONS = YES;
				CLANG_WARN_DIRECT_OBJC_ISA_USAGE = YES_ERROR;
				CLANG_WARN_DOCUMENTATION_COMMENTS = YES;
				CLANG_WARN_EMPTY_BODY = YES;
				CLANG_WARN_ENUM_CONVERSION = YES;
				CLANG_WARN_INFINITE_RECURSION = YES;
				CLANG_WARN_INT_CONVERSION = YES;
				CLANG_WARN_NON_LITERAL_NULL_CONVERSION = YES;
				CLANG_WARN_OBJC_IMPLICIT_RETAIN_SELF = YES;
				CLANG_WARN_OBJC_LITERAL_CONVERSION = YES;
				CLANG_WARN_OBJC_ROOT_CLASS = YES_ERROR;
				CLANG_WARN_QUOTED_INCLUDE_IN_FRAMEWORK_HEADER = YES;
				CLANG_WARN_RANGE_LOOP_ANALYSIS = YES;
				CLANG_WARN_STRICT_PROTOTYPES = YES;
				CLANG_WARN_SUSPICIOUS_MOVE = YES;
				CLANG_WARN_UNGUARDED_AVAILABILITY = YES_AGGRESSIVE;
				CLANG_WARN_UNREACHABLE_CODE = YES;
				CLANG_WARN__DUPLICATE_METHOD_MATCH = YES;
				COPY_PHASE_STRIP = NO;
				DEBUG_INFORMATION_FORMAT = "dwarf-with-dsym";
				ENABLE_NS_ASSERTIONS = NO;
				ENABLE_STRICT_OBJC_MSGSEND = YES;
				GCC_C_LANGUAGE_STANDARD = gnu11;
				GCC_NO_COMMON_BLOCKS = YES;
				GCC_WARN_64_TO_32_BIT_CONVERSION = YES;
				GCC_WARN_ABOUT_RETURN_TYPE = YES_ERROR;
				GCC_WARN_UNDECLARED_SELECTOR = YES;
				GCC_WARN_UNINITIALIZED_AUTOS = YES_AGGRESSIVE;
				GCC_WARN_UNUSED_FUNCTION = YES;
				GCC_WARN_UNUSED_VARIABLE = YES;
				IPHONEOS_DEPLOYMENT_TARGET = 16.4;
				MTL_ENABLE_DEBUG_INFO = NO;
				MTL_FAST_MATH = YES;
				SDKROOT = iphoneos;
				SWIFT_COMPILATION_MODE = wholemodule;
				SWIFT_OPTIMIZATION_LEVEL = "-O";
				VALIDATE_PRODUCT = YES;
			};
			name = Release;
		};
		8DE494A52A136E5A00308588 /* Debug */ = {
			isa = XCBuildConfiguration;
			buildSettings = {
				ASSETCATALOG_COMPILER_APPICON_NAME = AppIcon;
				ASSETCATALOG_COMPILER_GLOBAL_ACCENT_COLOR_NAME = AccentColor;
				CODE_SIGN_STYLE = Automatic;
				CURRENT_PROJECT_VERSION = 1;
				DEVELOPMENT_ASSET_PATHS = "\"GIMPASS1.3/Preview Content\"";
				DEVELOPMENT_TEAM = 223L27LVR9;
				ENABLE_PREVIEWS = YES;
				GENERATE_INFOPLIST_FILE = YES;
				INFOPLIST_KEY_UIApplicationSceneManifest_Generation = YES;
				INFOPLIST_KEY_UIApplicationSupportsIndirectInputEvents = YES;
				INFOPLIST_KEY_UILaunchScreen_Generation = YES;
				INFOPLIST_KEY_UISupportedInterfaceOrientations_iPad = "UIInterfaceOrientationPortrait UIInterfaceOrientationPortraitUpsideDown UIInterfaceOrientationLandscapeLeft UIInterfaceOrientationLandscapeRight";
				INFOPLIST_KEY_UISupportedInterfaceOrientations_iPhone = "UIInterfaceOrientationPortrait UIInterfaceOrientationLandscapeLeft UIInterfaceOrientationLandscapeRight";
				LD_RUNPATH_SEARCH_PATHS = (
					"$(inherited)",
					"@executable_path/Frameworks",
				);
				MARKETING_VERSION = 1.0;
				PRODUCT_BUNDLE_IDENTIFIER = "com.morilee.GIMPASS1-3";
				PRODUCT_NAME = "$(TARGET_NAME)";
				SWIFT_EMIT_LOC_STRINGS = YES;
				SWIFT_VERSION = 5.0;
				TARGETED_DEVICE_FAMILY = "1,2";
			};
			name = Debug;
		};
		8DE494A62A136E5A00308588 /* Release */ = {
			isa = XCBuildConfiguration;
			buildSettings = {
				ASSETCATALOG_COMPILER_APPICON_NAME = AppIcon;
				ASSETCATALOG_COMPILER_GLOBAL_ACCENT_COLOR_NAME = AccentColor;
				CODE_SIGN_STYLE = Automatic;
				CURRENT_PROJECT_VERSION = 1;
				DEVELOPMENT_ASSET_PATHS = "\"GIMPASS1.3/Preview Content\"";
				DEVELOPMENT_TEAM = 223L27LVR9;
				ENABLE_PREVIEWS = YES;
				GENERATE_INFOPLIST_FILE = YES;
				INFOPLIST_KEY_UIApplicationSceneManifest_Generation = YES;
				INFOPLIST_KEY_UIApplicationSupportsIndirectInputEvents = YES;
				INFOPLIST_KEY_UILaunchScreen_Generation = YES;
				INFOPLIST_KEY_UISupportedInterfaceOrientations_iPad = "UIInterfaceOrientationPortrait UIInterfaceOrientationPortraitUpsideDown UIInterfaceOrientationLandscapeLeft UIInterfaceOrientationLandscapeRight";
				INFOPLIST_KEY_UISupportedInterfaceOrientations_iPhone = "UIInterfaceOrientationPortrait UIInterfaceOrientationLandscapeLeft UIInterfaceOrientationLandscapeRight";
				LD_RUNPATH_SEARCH_PATHS = (
					"$(inherited)",
					"@executable_path/Frameworks",
				);
				MARKETING_VERSION = 1.0;
				PRODUCT_BUNDLE_IDENTIFIER = "com.morilee.GIMPASS1-3";
				PRODUCT_NAME = "$(TARGET_NAME)";
				SWIFT_EMIT_LOC_STRINGS = YES;
				SWIFT_VERSION = 5.0;
				TARGETED_DEVICE_FAMILY = "1,2";
			};
			name = Release;
		};
/* End XCBuildConfiguration section */

/* Begin XCConfigurationList section */
		8DE494912A136E5800308588 /* Build configuration list for PBXProject "GIMPASS1.3" */ = {
			isa = XCConfigurationList;
			buildConfigurations = (
				8DE494A22A136E5A00308588 /* Debug */,
				8DE494A32A136E5A00308588 /* Release */,
			);
			defaultConfigurationIsVisible = 0;
			defaultConfigurationName = Release;
		};
		8DE494A42A136E5A00308588 /* Build configuration list for PBXNativeTarget "GIMPASS1.3" */ = {
			isa = XCConfigurationList;
			buildConfigurations = (
				8DE494A52A136E5A00308588 /* Debug */,
				8DE494A62A136E5A00308588 /* Release */,
			);
			defaultConfigurationIsVisible = 0;
			defaultConfigurationName = Release;
		};
/* End XCConfigurationList section */
	};
	rootObject = 8DE4948E2A136E5800308588 /* Project object */;
}
